
Microsoft Visual Studio Solution File, Format Version 12.00
# Visual Studio 2012
Project("{FAE04EC0-301F-11D3-BF4B-00C04F79EFBC}") = "KingBlackjack", "KingBlackjack\KingBlackjack.csproj", "{733AEAF5-0505-4BEC-9942-82D3782456AF}"
EndProject
Project("{FAE04EC0-301F-11D3-BF4B-00C04F79EFBC}") = "BlackjackLogic", "BlackjackLogic\BlackjackLogic.csproj", "{16848699-7899-4E88-9CF7-2E072A821F6E}"
EndProject
Project("{FAE04EC0-301F-11D3-BF4B-00C04F79EFBC}") = "KingBlackjackPhone", "KingBlackjackPhone\KingBlackjackPhone.csproj", "{7F05DA41-08CC-48E5-A443-338A24AA6187}"
EndProject
Project("{FAE04EC0-301F-11D3-BF4B-00C04F79EFBC}") = "BlackjackTests", "BlackjackTests\BlackjackTests.csproj", "{78AF4DB7-C676-43D8-9E2A-6094723EB9B0}"
EndProject
Global
	GlobalSection(SolutionConfigurationPlatforms) = preSolution
		Debug|Any CPU = Debug|Any CPU
		Debug|ARM = Debug|ARM
		Debug|x64 = Debug|x64
		Debug|x86 = Debug|x86
		Release|Any CPU = Release|Any CPU
		Release|ARM = Release|ARM
		Release|x64 = Release|x64
		Release|x86 = Release|x86
	EndGlobalSection
	GlobalSection(ProjectConfigurationPlatforms) = postSolution
		{733AEAF5-0505-4BEC-9942-82D3782456AF}.Debug|Any CPU.ActiveCfg = Debug|Any CPU
		{733AEAF5-0505-4BEC-9942-82D3782456AF}.Debug|Any CPU.Build.0 = Debug|Any CPU
		{733AEAF5-0505-4BEC-9942-82D3782456AF}.Debug|Any CPU.Deploy.0 = Debug|Any CPU
		{733AEAF5-0505-4BEC-9942-82D3782456AF}.Debug|ARM.ActiveCfg = Debug|ARM
		{733AEAF5-0505-4BEC-9942-82D3782456AF}.Debug|ARM.Build.0 = Debug|ARM
		{733AEAF5-0505-4BEC-9942-82D3782456AF}.Debug|ARM.Deploy.0 = Debug|ARM
		{733AEAF5-0505-4BEC-9942-82D3782456AF}.Debug|x64.ActiveCfg = Debug|x64
		{733AEAF5-0505-4BEC-9942-82D3782456AF}.Debug|x64.Build.0 = Debug|x64
		{733AEAF5-0505-4BEC-9942-82D3782456AF}.Debug|x64.Deploy.0 = Debug|x64
		{733AEAF5-0505-4BEC-9942-82D3782456AF}.Debug|x86.ActiveCfg = Debug|x86
		{733AEAF5-0505-4BEC-9942-82D3782456AF}.Debug|x86.Build.0 = Debug|x86
		{733AEAF5-0505-4BEC-9942-82D3782456AF}.Debug|x86.Deploy.0 = Debug|x86
		{733AEAF5-0505-4BEC-9942-82D3782456AF}.Release|Any CPU.ActiveCfg = Release|Any CPU
		{733AEAF5-0505-4BEC-9942-82D3782456AF}.Release|Any CPU.Build.0 = Release|Any CPU
		{733AEAF5-0505-4BEC-9942-82D3782456AF}.Release|Any CPU.Deploy.0 = Release|Any CPU
		{733AEAF5-0505-4BEC-9942-82D3782456AF}.Release|ARM.ActiveCfg = Release|ARM
		{733AEAF5-0505-4BEC-9942-82D3782456AF}.Release|ARM.Build.0 = Release|ARM
		{733AEAF5-0505-4BEC-9942-82D3782456AF}.Release|ARM.Deploy.0 = Release|ARM
		{733AEAF5-0505-4BEC-9942-82D3782456AF}.Release|x64.ActiveCfg = Release|x64
		{733AEAF5-0505-4BEC-9942-82D3782456AF}.Release|x64.Build.0 = Release|x64
		{733AEAF5-0505-4BEC-9942-82D3782456AF}.Release|x64.Deploy.0 = Release|x64
		{733AEAF5-0505-4BEC-9942-82D3782456AF}.Release|x86.ActiveCfg = Release|x86
		{733AEAF5-0505-4BEC-9942-82D3782456AF}.Release|x86.Build.0 = Release|x86
		{733AEAF5-0505-4BEC-9942-82D3782456AF}.Release|x86.Deploy.0 = Release|x86
		{16848699-7899-4E88-9CF7-2E072A821F6E}.Debug|Any CPU.ActiveCfg = Debug|Any CPU
		{16848699-7899-4E88-9CF7-2E072A821F6E}.Debug|Any CPU.Build.0 = Debug|Any CPU
		{16848699-7899-4E88-9CF7-2E072A821F6E}.Debug|ARM.ActiveCfg = Debug|Any CPU
		{16848699-7899-4E88-9CF7-2E072A821F6E}.Debug|x64.ActiveCfg = Debug|Any CPU
		{16848699-7899-4E88-9CF7-2E072A821F6E}.Debug|x86.ActiveCfg = Debug|Any CPU
		{16848699-7899-4E88-9CF7-2E072A821F6E}.Release|Any CPU.ActiveCfg = Release|Any CPU
		{16848699-7899-4E88-9CF7-2E072A821F6E}.Release|Any CPU.Build.0 = Release|Any CPU
		{16848699-7899-4E88-9CF7-2E072A821F6E}.Release|ARM.ActiveCfg = Release|Any CPU
		{16848699-7899-4E88-9CF7-2E072A821F6E}.Release|x64.ActiveCfg = Release|Any CPU
		{16848699-7899-4E88-9CF7-2E072A821F6E}.Release|x86.ActiveCfg = Release|Any CPU
		{7F05DA41-08CC-48E5-A443-338A24AA6187}.Debug|Any CPU.ActiveCfg = Debug|Any CPU
		{7F05DA41-08CC-48E5-A443-338A24AA6187}.Debug|Any CPU.Build.0 = Debug|Any CPU
		{7F05DA41-08CC-48E5-A443-338A24AA6187}.Debug|Any CPU.Deploy.0 = Debug|Any CPU
		{7F05DA41-08CC-48E5-A443-338A24AA6187}.Debug|ARM.ActiveCfg = Debug|Any CPU
		{7F05DA41-08CC-48E5-A443-338A24AA6187}.Debug|x64.ActiveCfg = Debug|Any CPU
		{7F05DA41-08CC-48E5-A443-338A24AA6187}.Debug|x86.ActiveCfg = Debug|Any CPU
		{7F05DA41-08CC-48E5-A443-338A24AA6187}.Release|Any CPU.ActiveCfg = Release|Any CPU
		{7F05DA41-08CC-48E5-A443-338A24AA6187}.Release|Any CPU.Build.0 = Release|Any CPU
		{7F05DA41-08CC-48E5-A443-338A24AA6187}.Release|Any CPU.Deploy.0 = Release|Any CPU
		{7F05DA41-08CC-48E5-A443-338A24AA6187}.Release|ARM.ActiveCfg = Release|Any CPU
		{7F05DA41-08CC-48E5-A443-338A24AA6187}.Release|x64.ActiveCfg = Release|Any CPU
		{7F05DA41-08CC-48E5-A443-338A24AA6187}.Release|x86.ActiveCfg = Release|Any CPU
		{78AF4DB7-C676-43D8-9E2A-6094723EB9B0}.Debug|Any CPU.ActiveCfg = Debug|Any CPU
		{78AF4DB7-C676-43D8-9E2A-6094723EB9B0}.Debug|Any CPU.Build.0 = Debug|Any CPU
		{78AF4DB7-C676-43D8-9E2A-6094723EB9B0}.Debug|ARM.ActiveCfg = Debug|Any CPU
		{78AF4DB7-C676-43D8-9E2A-6094723EB9B0}.Debug|x64.ActiveCfg = Debug|Any CPU
		{78AF4DB7-C676-43D8-9E2A-6094723EB9B0}.Debug|x86.ActiveCfg = Debug|Any CPU
		{78AF4DB7-C676-43D8-9E2A-6094723EB9B0}.Release|Any CPU.ActiveCfg = Release|Any CPU
		{78AF4DB7-C676-43D8-9E2A-6094723EB9B0}.Release|Any CPU.Build.0 = Release|Any CPU
		{78AF4DB7-C676-43D8-9E2A-6094723EB9B0}.Release|ARM.ActiveCfg = Release|Any CPU
		{78AF4DB7-C676-43D8-9E2A-6094723EB9B0}.Release|x64.ActiveCfg = Release|Any CPU
		{78AF4DB7-C676-43D8-9E2A-6094723EB9B0}.Release|x86.ActiveCfg = Release|Any CPU
	EndGlobalSection
	GlobalSection(SolutionProperties) = preSolution
		HideSolutionNode = FALSE
	EndGlobalSection
EndGlobal
